
Microsoft Visual Studio Solution File, Format Version 12.00
# Visual Studio Version 16
VisualStudioVersion = 16.0.34301.259
MinimumVisualStudioVersion = 10.0.40219.1
Project("{FAE04EC0-301F-11D3-BF4B-00C04F79EFBC}") = "FaceLogin", "FaceLogin\FaceLogin.csproj", "{D05CB4AB-B8E5-4124-83EA-FD0F3A397A12}"
EndProject
Global
	GlobalSection(SolutionConfigurationPlatforms) = preSolution
		Debug|Any CPU = Debug|Any CPU
		Release|Any CPU = Release|Any CPU
	EndGlobalSection
	GlobalSection(ProjectConfigurationPlatforms) = postSolution
		{D05CB4AB-B8E5-4124-83EA-FD0F3A397A12}.Debug|Any CPU.ActiveCfg = Debug|Any CPU
		{D05CB4AB-B8E5-4124-83EA-FD0F3A397A12}.Debug|Any CPU.Build.0 = Debug|Any CPU
		{D05CB4AB-B8E5-4124-83EA-FD0F3A397A12}.Release|Any CPU.ActiveCfg = Release|Any CPU
		{D05CB4AB-B8E5-4124-83EA-FD0F3A397A12}.Release|Any CPU.Build.0 = Release|Any CPU
	EndGlobalSection
	GlobalSection(SolutionProperties) = preSolution
		HideSolutionNode = FALSE
	EndGlobalSection
	GlobalSection(ExtensibilityGlobals) = postSolution
		SolutionGuid = {B7306DE2-9D02-46F2-958D-FA511111644F}
	EndGlobalSection
EndGlobal
